
Microsoft Visual Studio Solution File, Format Version 12.00
# Visual Studio Version 17
VisualStudioVersion = 17.8.34511.84
MinimumVisualStudioVersion = 10.0.40219.1
Project("{FAE04EC0-301F-11D3-BF4B-00C04F79EFBC}") = "B2UBatchConverter", "B2UBatchConverter\B2UBatchConverter.csproj", "{DCAC03A3-CA88-4D7F-8C4C-DB74D8744316}"
EndProject
Global
	GlobalSection(SolutionConfigurationPlatforms) = preSolution
		Debug|Any CPU = Debug|Any CPU
		Release|Any CPU = Release|Any CPU
	EndGlobalSection
	GlobalSection(ProjectConfigurationPlatforms) = postSolution
		{DCAC03A3-CA88-4D7F-8C4C-DB74D8744316}.Debug|Any CPU.ActiveCfg = Debug|Any CPU
		{DCAC03A3-CA88-4D7F-8C4C-DB74D8744316}.Debug|Any CPU.Build.0 = Debug|Any CPU
		{DCAC03A3-CA88-4D7F-8C4C-DB74D8744316}.Release|Any CPU.ActiveCfg = Release|Any CPU
		{DCAC03A3-CA88-4D7F-8C4C-DB74D8744316}.Release|Any CPU.Build.0 = Release|Any CPU
	EndGlobalSection
	GlobalSection(SolutionProperties) = preSolution
		HideSolutionNode = FALSE
	EndGlobalSection
	GlobalSection(ExtensibilityGlobals) = postSolution
		SolutionGuid = {79462F26-48C3-4394-8BCA-741D7C850E7C}
	EndGlobalSection
EndGlobal
